Microsoft Visual Studio Solution File, Format Version 12.00
# Visual Studio Version 17
VisualStudioVersion = 17.5.2.0
MinimumVisualStudioVersion = 10.0.40219.1
Project("{2150E333-8FDC-42A3-9474-1A3956D46DE8}") = "back-api", "back-api", "{28D40DCD-5C16-9545-49EF-EBBBB46C4E94}"
EndProject
Project("{FAE04EC0-301F-11D3-BF4B-00C04F79EFBC}") = "TuningShopAPI", "back-api\TuningShopAPI.csproj", "{9FC292E9-4F8C-54F6-5480-918619196744}"
EndProject
Global
	GlobalSection(SolutionConfigurationPlatforms) = preSolution
		Debug|Any CPU = Debug|Any CPU
		Release|Any CPU = Release|Any CPU
	EndGlobalSection
	GlobalSection(ProjectConfigurationPlatforms) = postSolution
		{9FC292E9-4F8C-54F6-5480-918619196744}.Debug|Any CPU.ActiveCfg = Debug|Any CPU
		{9FC292E9-4F8C-54F6-5480-918619196744}.Debug|Any CPU.Build.0 = Debug|Any CPU
		{9FC292E9-4F8C-54F6-5480-918619196744}.Release|Any CPU.ActiveCfg = Release|Any CPU
		{9FC292E9-4F8C-54F6-5480-918619196744}.Release|Any CPU.Build.0 = Release|Any CPU
	EndGlobalSection
	GlobalSection(SolutionProperties) = preSolution
		HideSolutionNode = FALSE
	EndGlobalSection
	GlobalSection(NestedProjects) = preSolution
		{9FC292E9-4F8C-54F6-5480-918619196744} = {28D40DCD-5C16-9545-49EF-EBBBB46C4E94}
	EndGlobalSection
	GlobalSection(ExtensibilityGlobals) = postSolution
		SolutionGuid = {24117982-B18D-444B-B8C4-D5E4294B2B0C}
	EndGlobalSection
EndGlobal
